// !$*UTF8*$!
{
	archiveVersion = 1;
	classes = {
	};
	objectVersion = 46;
	objects = {

/* Begin PBXBuildFile section */
		245D57B61AC189A800214FCC /* main.m in Sources */ = {isa = PBXBuildFile; fileRef = 245D57B51AC189A800214FCC /* main.m */; };
		245D57C11AC189A800214FCC /* Images.xcassets in Resources */ = {isa = PBXBuildFile; fileRef = 245D57C01AC189A800214FCC /* Images.xcassets */; };
		245D57C41AC189A800214FCC /* LaunchScreen.xib in Resources */ = {isa = PBXBuildFile; fileRef = 245D57C21AC189A800214FCC /* LaunchScreen.xib */; };
		245D57D01AC189A800214FCC /* PlusexTests.m in Sources */ = {isa = PBXBuildFile; fileRef = 245D57CF1AC189A800214FCC /* PlusexTests.m */; };
		24DF0D411AC79B94004C0677 /* PEXAppDelegate.m in Sources */ = {isa = PBXBuildFile; fileRef = 24DF0D401AC79B94004C0677 /* PEXAppDelegate.m */; };
		24DF0D471AC79DFA004C0677 /* PEXStartupViewController.m in Sources */ = {isa = PBXBuildFile; fileRef = 24DF0D451AC79DFA004C0677 /* PEXStartupViewController.m */; };
		24DF0D481AC79DFA004C0677 /* PEXStartupViewController.xib in Resources */ = {isa = PBXBuildFile; fileRef = 24DF0D461AC79DFA004C0677 /* PEXStartupViewController.xib */; };
		24DF0D4C1AC7A2C6004C0677 /* PEXRegisterViewController.m in Sources */ = {isa = PBXBuildFile; fileRef = 24DF0D4A1AC7A2C6004C0677 /* PEXRegisterViewController.m */; };
		24DF0D4D1AC7A2C6004C0677 /* PEXRegisterViewController.xib in Resources */ = {isa = PBXBuildFile; fileRef = 24DF0D4B1AC7A2C6004C0677 /* PEXRegisterViewController.xib */; };
		24DF0D561AC7BAC8004C0677 /* PEXProjectSearchViewController.m in Sources */ = {isa = PBXBuildFile; fileRef = 24DF0D541AC7BAC8004C0677 /* PEXProjectSearchViewController.m */; };
		24DF0D571AC7BAC8004C0677 /* PEXProjectSearchViewController.xib in Resources */ = {isa = PBXBuildFile; fileRef = 24DF0D551AC7BAC8004C0677 /* PEXProjectSearchViewController.xib */; };
		24DF0D5E1AC7BB02004C0677 /* PEXHumanSearchViewController.m in Sources */ = {isa = PBXBuildFile; fileRef = 24DF0D5C1AC7BB02004C0677 /* PEXHumanSearchViewController.m */; };
		24DF0D5F1AC7BB02004C0677 /* PEXHumanSearchViewController.xib in Resources */ = {isa = PBXBuildFile; fileRef = 24DF0D5D1AC7BB02004C0677 /* PEXHumanSearchViewController.xib */; };
		24DF0D631AC7BB83004C0677 /* PEXManagementViewController.m in Sources */ = {isa = PBXBuildFile; fileRef = 24DF0D611AC7BB83004C0677 /* PEXManagementViewController.m */; };
		24DF0D641AC7BB83004C0677 /* PEXManagementViewController.xib in Resources */ = {isa = PBXBuildFile; fileRef = 24DF0D621AC7BB83004C0677 /* PEXManagementViewController.xib */; };
		24DF0D681AC7BCCB004C0677 /* PEXUserInfoViewController.m in Sources */ = {isa = PBXBuildFile; fileRef = 24DF0D661AC7BCCB004C0677 /* PEXUserInfoViewController.m */; };
		24DF0D691AC7BCCB004C0677 /* PEXUserInfoViewController.xib in Resources */ = {isa = PBXBuildFile; fileRef = 24DF0D671AC7BCCB004C0677 /* PEXUserInfoViewController.xib */; };
		3212ED42ED0E4EAFFEED9552 /* libPods.a in Frameworks */ = {isa = PBXBuildFile; fileRef = A1F40DEC8359A0036A2110FC /* libPods.a */; };
/* End PBXBuildFile section */

/* Begin PBXContainerItemProxy section */
		245D57CA1AC189A800214FCC /* PBXContainerItemProxy */ = {
			isa = PBXContainerItemProxy;
			containerPortal = 245D57A81AC189A800214FCC /* Project object */;
			proxyType = 1;
			remoteGlobalIDString = 245D57AF1AC189A800214FCC;
			remoteInfo = Plusex;
		};
/* End PBXContainerItemProxy section */

/* Begin PBXFileReference section */
		245D57B01AC189A800214FCC /* Plusex.app */ = {isa = PBXFileReference; explicitFileType = wrapper.application; includeInIndex = 0; path = Plusex.app; sourceTree = BUILT_PRODUCTS_DIR; };
		245D57B41AC189A800214FCC /* Info.plist */ = {isa = PBXFileReference; lastKnownFileType = text.plist.xml; path = Info.plist; sourceTree = "<group>"; };
		245D57B51AC189A800214FCC /* main.m */ = {isa = PBXFileReference; lastKnownFileType = sourcecode.c.objc; path = main.m; sourceTree = "<group>"; };
		245D57C01AC189A800214FCC /* Images.xcassets */ = {isa = PBXFileReference; lastKnownFileType = folder.assetcatalog; path = Images.xcassets; sourceTree = "<group>"; };
		245D57C31AC189A800214FCC /* Base */ = {isa = PBXFileReference; lastKnownFileType = file.xib; name = Base; path = Base.lproj/LaunchScreen.xib; sourceTree = "<group>"; };
		245D57C91AC189A800214FCC /* PlusexTests.xctest */ = {isa = PBXFileReference; explicitFileType = wrapper.cfbundle; includeInIndex = 0; path = PlusexTests.xctest; sourceTree = BUILT_PRODUCTS_DIR; };
		245D57CE1AC189A800214FCC /* Info.plist */ = {isa = PBXFileReference; lastKnownFileType = text.plist.xml; path = Info.plist; sourceTree = "<group>"; };
		245D57CF1AC189A800214FCC /* PlusexTests.m */ = {isa = PBXFileReference; lastKnownFileType = sourcecode.c.objc; path = PlusexTests.m; sourceTree = "<group>"; };
		24DF0D3F1AC79B94004C0677 /* PEXAppDelegate.h */ = {isa = PBXFileReference; fileEncoding = 4; lastKnownFileType = sourcecode.c.h; path = PEXAppDelegate.h; sourceTree = "<group>"; };
		24DF0D401AC79B94004C0677 /* PEXAppDelegate.m */ = {isa = PBXFileReference; fileEncoding = 4; lastKnownFileType = sourcecode.c.objc; path = PEXAppDelegate.m; sourceTree = "<group>"; };
		24DF0D421AC79CDF004C0677 /* PEX-Prefix.pch */ = {isa = PBXFileReference; fileEncoding = 4; lastKnownFileType = sourcecode.c.h; path = "PEX-Prefix.pch"; sourceTree = "<group>"; };
		24DF0D441AC79DFA004C0677 /* PEXStartupViewController.h */ = {isa = PBXFileReference; fileEncoding = 4; lastKnownFileType = sourcecode.c.h; path = PEXStartupViewController.h; sourceTree = "<group>"; };
		24DF0D451AC79DFA004C0677 /* PEXStartupViewController.m */ = {isa = PBXFileReference; fileEncoding = 4; lastKnownFileType = sourcecode.c.objc; path = PEXStartupViewController.m; sourceTree = "<group>"; };
		24DF0D461AC79DFA004C0677 /* PEXStartupViewController.xib */ = {isa = PBXFileReference; fileEncoding = 4; lastKnownFileType = file.xib; path = PEXStartupViewController.xib; sourceTree = "<group>"; };
		24DF0D491AC7A2C6004C0677 /* PEXRegisterViewController.h */ = {isa = PBXFileReference; fileEncoding = 4; lastKnownFileType = sourcecode.c.h; path = PEXRegisterViewController.h; sourceTree = "<group>"; };
		24DF0D4A1AC7A2C6004C0677 /* PEXRegisterViewController.m */ = {isa = PBXFileReference; fileEncoding = 4; lastKnownFileType = sourcecode.c.objc; path = PEXRegisterViewController.m; sourceTree = "<group>"; };
		24DF0D4B1AC7A2C6004C0677 /* PEXRegisterViewController.xib */ = {isa = PBXFileReference; fileEncoding = 4; lastKnownFileType = file.xib; path = PEXRegisterViewController.xib; sourceTree = "<group>"; };
		24DF0D531AC7BAC8004C0677 /* PEXProjectSearchViewController.h */ = {isa = PBXFileReference; fileEncoding = 4; lastKnownFileType = sourcecode.c.h; path = PEXProjectSearchViewController.h; sourceTree = "<group>"; };
		24DF0D541AC7BAC8004C0677 /* PEXProjectSearchViewController.m */ = {isa = PBXFileReference; fileEncoding = 4; lastKnownFileType = sourcecode.c.objc; path = PEXProjectSearchViewController.m; sourceTree = "<group>"; };
		24DF0D551AC7BAC8004C0677 /* PEXProjectSearchViewController.xib */ = {isa = PBXFileReference; fileEncoding = 4; lastKnownFileType = file.xib; path = PEXProjectSearchViewController.xib; sourceTree = "<group>"; };
		24DF0D5B1AC7BB02004C0677 /* PEXHumanSearchViewController.h */ = {isa = PBXFileReference; fileEncoding = 4; lastKnownFileType = sourcecode.c.h; path = PEXHumanSearchViewController.h; sourceTree = "<group>"; };
		24DF0D5C1AC7BB02004C0677 /* PEXHumanSearchViewController.m */ = {isa = PBXFileReference; fileEncoding = 4; lastKnownFileType = sourcecode.c.objc; path = PEXHumanSearchViewController.m; sourceTree = "<group>"; };
		24DF0D5D1AC7BB02004C0677 /* PEXHumanSearchViewController.xib */ = {isa = PBXFileReference; fileEncoding = 4; lastKnownFileType = file.xib; path = PEXHumanSearchViewController.xib; sourceTree = "<group>"; };
		24DF0D601AC7BB83004C0677 /* PEXManagementViewController.h */ = {isa = PBXFileReference; fileEncoding = 4; lastKnownFileType = sourcecode.c.h; path = PEXManagementViewController.h; sourceTree = "<group>"; };
		24DF0D611AC7BB83004C0677 /* PEXManagementViewController.m */ = {isa = PBXFileReference; fileEncoding = 4; lastKnownFileType = sourcecode.c.objc; path = PEXManagementViewController.m; sourceTree = "<group>"; };
		24DF0D621AC7BB83004C0677 /* PEXManagementViewController.xib */ = {isa = PBXFileReference; fileEncoding = 4; lastKnownFileType = file.xib; path = PEXManagementViewController.xib; sourceTree = "<group>"; };
		24DF0D651AC7BCCB004C0677 /* PEXUserInfoViewController.h */ = {isa = PBXFileReference; fileEncoding = 4; lastKnownFileType = sourcecode.c.h; path = PEXUserInfoViewController.h; sourceTree = "<group>"; };
		24DF0D661AC7BCCB004C0677 /* PEXUserInfoViewController.m */ = {isa = PBXFileReference; fileEncoding = 4; lastKnownFileType = sourcecode.c.objc; path = PEXUserInfoViewController.m; sourceTree = "<group>"; };
		24DF0D671AC7BCCB004C0677 /* PEXUserInfoViewController.xib */ = {isa = PBXFileReference; fileEncoding = 4; lastKnownFileType = file.xib; path = PEXUserInfoViewController.xib; sourceTree = "<group>"; };
		82036DB05E576E38897072D8 /* Pods.release.xcconfig */ = {isa = PBXFileReference; includeInIndex = 1; lastKnownFileType = text.xcconfig; name = Pods.release.xcconfig; path = "Pods/Target Support Files/Pods/Pods.release.xcconfig"; sourceTree = "<group>"; };
		828ADD057E37FA889C878515 /* Pods.debug.xcconfig */ = {isa = PBXFileReference; includeInIndex = 1; lastKnownFileType = text.xcconfig; name = Pods.debug.xcconfig; path = "Pods/Target Support Files/Pods/Pods.debug.xcconfig"; sourceTree = "<group>"; };
		A1F40DEC8359A0036A2110FC /* libPods.a */ = {isa = PBXFileReference; explicitFileType = archive.ar; includeInIndex = 0; path = libPods.a; sourceTree = BUILT_PRODUCTS_DIR; };
/* End PBXFileReference section */

/* Begin PBXFrameworksBuildPhase section */
		245D57AD1AC189A800214FCC /* Frameworks */ = {
			isa = PBXFrameworksBuildPhase;
			buildActionMask = 2147483647;
			files = (
				3212ED42ED0E4EAFFEED9552 /* libPods.a in Frameworks */,
			);
			runOnlyForDeploymentPostprocessing = 0;
		};
		245D57C61AC189A800214FCC /* Frameworks */ = {
			isa = PBXFrameworksBuildPhase;
			buildActionMask = 2147483647;
			files = (
			);
			runOnlyForDeploymentPostprocessing = 0;
		};
/* End PBXFrameworksBuildPhase section */

/* Begin PBXGroup section */
		245D57A71AC189A800214FCC = {
			isa = PBXGroup;
			children = (
				245D57B21AC189A800214FCC /* Plusex */,
				245D57CC1AC189A800214FCC /* PlusexTests */,
				245D57B11AC189A800214FCC /* Products */,
				999A4EA81821DD05461CEC87 /* Pods */,
				6F98D2BC3E1E1C4F616758A4 /* Frameworks */,
			);
			sourceTree = "<group>";
		};
		245D57B11AC189A800214FCC /* Products */ = {
			isa = PBXGroup;
			children = (
				245D57B01AC189A800214FCC /* Plusex.app */,
				245D57C91AC189A800214FCC /* PlusexTests.xctest */,
			);
			name = Products;
			sourceTree = "<group>";
		};
		245D57B21AC189A800214FCC /* Plusex */ = {
			isa = PBXGroup;
			children = (
				24DF0D431AC79DD7004C0677 /* Controllers */,
				24DF0D3F1AC79B94004C0677 /* PEXAppDelegate.h */,
				24DF0D401AC79B94004C0677 /* PEXAppDelegate.m */,
				245D57C01AC189A800214FCC /* Images.xcassets */,
				245D57C21AC189A800214FCC /* LaunchScreen.xib */,
				245D57B31AC189A800214FCC /* Supporting Files */,
			);
			path = Plusex;
			sourceTree = "<group>";
		};
		245D57B31AC189A800214FCC /* Supporting Files */ = {
			isa = PBXGroup;
			children = (
				245D57B41AC189A800214FCC /* Info.plist */,
				245D57B51AC189A800214FCC /* main.m */,
				24DF0D421AC79CDF004C0677 /* PEX-Prefix.pch */,
			);
			name = "Supporting Files";
			sourceTree = "<group>";
		};
		245D57CC1AC189A800214FCC /* PlusexTests */ = {
			isa = PBXGroup;
			children = (
				245D57CF1AC189A800214FCC /* PlusexTests.m */,
				245D57CD1AC189A800214FCC /* Supporting Files */,
			);
			path = PlusexTests;
			sourceTree = "<group>";
		};
		245D57CD1AC189A800214FCC /* Supporting Files */ = {
			isa = PBXGroup;
			children = (
				245D57CE1AC189A800214FCC /* Info.plist */,
			);
			name = "Supporting Files";
			sourceTree = "<group>";
		};
		24DF0D431AC79DD7004C0677 /* Controllers */ = {
			isa = PBXGroup;
			children = (
				24DF0D441AC79DFA004C0677 /* PEXStartupViewController.h */,
				24DF0D451AC79DFA004C0677 /* PEXStartupViewController.m */,
				24DF0D461AC79DFA004C0677 /* PEXStartupViewController.xib */,
				24DF0D491AC7A2C6004C0677 /* PEXRegisterViewController.h */,
				24DF0D4A1AC7A2C6004C0677 /* PEXRegisterViewController.m */,
				24DF0D4B1AC7A2C6004C0677 /* PEXRegisterViewController.xib */,
				24DF0D531AC7BAC8004C0677 /* PEXProjectSearchViewController.h */,
				24DF0D541AC7BAC8004C0677 /* PEXProjectSearchViewController.m */,
				24DF0D551AC7BAC8004C0677 /* PEXProjectSearchViewController.xib */,
				24DF0D5B1AC7BB02004C0677 /* PEXHumanSearchViewController.h */,
				24DF0D5C1AC7BB02004C0677 /* PEXHumanSearchViewController.m */,
				24DF0D5D1AC7BB02004C0677 /* PEXHumanSearchViewController.xib */,
				24DF0D601AC7BB83004C0677 /* PEXManagementViewController.h */,
				24DF0D611AC7BB83004C0677 /* PEXManagementViewController.m */,
				24DF0D621AC7BB83004C0677 /* PEXManagementViewController.xib */,
				24DF0D651AC7BCCB004C0677 /* PEXUserInfoViewController.h */,
				24DF0D661AC7BCCB004C0677 /* PEXUserInfoViewController.m */,
				24DF0D671AC7BCCB004C0677 /* PEXUserInfoViewController.xib */,
			);
			path = Controllers;
			sourceTree = "<group>";
		};
		6F98D2BC3E1E1C4F616758A4 /* Frameworks */ = {
			isa = PBXGroup;
			children = (
				A1F40DEC8359A0036A2110FC /* libPods.a */,
			);
			name = Frameworks;
			sourceTree = "<group>";
		};
		999A4EA81821DD05461CEC87 /* Pods */ = {
			isa = PBXGroup;
			children = (
				828ADD057E37FA889C878515 /* Pods.debug.xcconfig */,
				82036DB05E576E38897072D8 /* Pods.release.xcconfig */,
			);
			name = Pods;
			sourceTree = "<group>";
		};
/* End PBXGroup section */

/* Begin PBXNativeTarget section */
		245D57AF1AC189A800214FCC /* Plusex */ = {
			isa = PBXNativeTarget;
			buildConfigurationList = 245D57D31AC189A800214FCC /* Build configuration list for PBXNativeTarget "Plusex" */;
			buildPhases = (
				2158449AFE1657D27084B6AA /* Check Pods Manifest.lock */,
				245D57AC1AC189A800214FCC /* Sources */,
				245D57AD1AC189A800214FCC /* Frameworks */,
				245D57AE1AC189A800214FCC /* Resources */,
				B0E4FF33F14B3AF393565BAF /* Copy Pods Resources */,
			);
			buildRules = (
			);
			dependencies = (
			);
			name = Plusex;
			productName = Plusex;
			productReference = 245D57B01AC189A800214FCC /* Plusex.app */;
			productType = "com.apple.product-type.application";
		};
		245D57C81AC189A800214FCC /* PlusexTests */ = {
			isa = PBXNativeTarget;
			buildConfigurationList = 245D57D61AC189A800214FCC /* Build configuration list for PBXNativeTarget "PlusexTests" */;
			buildPhases = (
				245D57C51AC189A800214FCC /* Sources */,
				245D57C61AC189A800214FCC /* Frameworks */,
				245D57C71AC189A800214FCC /* Resources */,
			);
			buildRules = (
			);
			dependencies = (
				245D57CB1AC189A800214FCC /* PBXTargetDependency */,
			);
			name = PlusexTests;
			productName = PlusexTests;
			productReference = 245D57C91AC189A800214FCC /* PlusexTests.xctest */;
			productType = "com.apple.product-type.bundle.unit-test";
		};
/* End PBXNativeTarget section */

/* Begin PBXProject section */
		245D57A81AC189A800214FCC /* Project object */ = {
			isa = PBXProject;
			attributes = {
				LastUpgradeCheck = 0620;
				ORGANIZATIONNAME = rin;
				TargetAttributes = {
					245D57AF1AC189A800214FCC = {
						CreatedOnToolsVersion = 6.2;
					};
					245D57C81AC189A800214FCC = {
						CreatedOnToolsVersion = 6.2;
						TestTargetID = 245D57AF1AC189A800214FCC;
					};
				};
			};
			buildConfigurationList = 245D57AB1AC189A800214FCC /* Build configuration list for PBXProject "Plusex" */;
			compatibilityVersion = "Xcode 3.2";
			developmentRegion = English;
			hasScannedForEncodings = 0;
			knownRegions = (
				en,
				Base,
			);
			mainGroup = 245D57A71AC189A800214FCC;
			productRefGroup = 245D57B11AC189A800214FCC /* Products */;
			projectDirPath = "";
			projectRoot = "";
			targets = (
				245D57AF1AC189A800214FCC /* Plusex */,
				245D57C81AC189A800214FCC /* PlusexTests */,
			);
		};
/* End PBXProject section */

/* Begin PBXResourcesBuildPhase section */
		245D57AE1AC189A800214FCC /* Resources */ = {
			isa = PBXResourcesBuildPhase;
			buildActionMask = 2147483647;
			files = (
				24DF0D641AC7BB83004C0677 /* PEXManagementViewController.xib in Resources */,
				24DF0D481AC79DFA004C0677 /* PEXStartupViewController.xib in Resources */,
				245D57C41AC189A800214FCC /* LaunchScreen.xib in Resources */,
				24DF0D5F1AC7BB02004C0677 /* PEXHumanSearchViewController.xib in Resources */,
				24DF0D571AC7BAC8004C0677 /* PEXProjectSearchViewController.xib in Resources */,
				24DF0D691AC7BCCB004C0677 /* PEXUserInfoViewController.xib in Resources */,
				245D57C11AC189A800214FCC /* Images.xcassets in Resources */,
				24DF0D4D1AC7A2C6004C0677 /* PEXRegisterViewController.xib in Resources */,
			);
			runOnlyForDeploymentPostprocessing = 0;
		};
		245D57C71AC189A800214FCC /* Resources */ = {
			isa = PBXResourcesBuildPhase;
			buildActionMask = 2147483647;
			files = (
			);
			runOnlyForDeploymentPostprocessing = 0;
		};
/* End PBXResourcesBuildPhase section */

/* Begin PBXShellScriptBuildPhase section */
		2158449AFE1657D27084B6AA /* Check Pods Manifest.lock */ = {
			isa = PBXShellScriptBuildPhase;
			buildActionMask = 2147483647;
			files = (
			);
			inputPaths = (
			);
			name = "Check Pods Manifest.lock";
			outputPaths = (
			);
			runOnlyForDeploymentPostprocessing = 0;
			shellPath = /bin/sh;
			shellScript = "diff \"${PODS_ROOT}/../Podfile.lock\" \"${PODS_ROOT}/Manifest.lock\" > /dev/null\nif [[ $? != 0 ]] ; then\n    cat << EOM\nerror: The sandbox is not in sync with the Podfile.lock. Run 'pod install' or update your CocoaPods installation.\nEOM\n    exit 1\nfi\n";
			showEnvVarsInLog = 0;
		};
		B0E4FF33F14B3AF393565BAF /* Copy Pods Resources */ = {
			isa = PBXShellScriptBuildPhase;
			buildActionMask = 2147483647;
			files = (
			);
			inputPaths = (
			);
			name = "Copy Pods Resources";
			outputPaths = (
			);
			runOnlyForDeploymentPostprocessing = 0;
			shellPath = /bin/sh;
			shellScript = "\"${SRCROOT}/Pods/Target Support Files/Pods/Pods-resources.sh\"\n";
			showEnvVarsInLog = 0;
		};
/* End PBXShellScriptBuildPhase section */

/* Begin PBXSourcesBuildPhase section */
		245D57AC1AC189A800214FCC /* Sources */ = {
			isa = PBXSourcesBuildPhase;
			buildActionMask = 2147483647;
			files = (
				24DF0D5E1AC7BB02004C0677 /* PEXHumanSearchViewController.m in Sources */,
				24DF0D561AC7BAC8004C0677 /* PEXProjectSearchViewController.m in Sources */,
				24DF0D411AC79B94004C0677 /* PEXAppDelegate.m in Sources */,
				24DF0D631AC7BB83004C0677 /* PEXManagementViewController.m in Sources */,
				24DF0D471AC79DFA004C0677 /* PEXStartupViewController.m in Sources */,
				24DF0D681AC7BCCB004C0677 /* PEXUserInfoViewController.m in Sources */,
				245D57B61AC189A800214FCC /* main.m in Sources */,
				24DF0D4C1AC7A2C6004C0677 /* PEXRegisterViewController.m in Sources */,
			);
			runOnlyForDeploymentPostprocessing = 0;
		};
		245D57C51AC189A800214FCC /* Sources */ = {
			isa = PBXSourcesBuildPhase;
			buildActionMask = 2147483647;
			files = (
				245D57D01AC189A800214FCC /* PlusexTests.m in Sources */,
			);
			runOnlyForDeploymentPostprocessing = 0;
		};
/* End PBXSourcesBuildPhase section */

/* Begin PBXTargetDependency section */
		245D57CB1AC189A800214FCC /* PBXTargetDependency */ = {
			isa = PBXTargetDependency;
			target = 245D57AF1AC189A800214FCC /* Plusex */;
			targetProxy = 245D57CA1AC189A800214FCC /* PBXContainerItemProxy */;
		};
/* End PBXTargetDependency section */

/* Begin PBXVariantGroup section */
		245D57C21AC189A800214FCC /* LaunchScreen.xib */ = {
			isa = PBXVariantGroup;
			children = (
				245D57C31AC189A800214FCC /* Base */,
			);
			name = LaunchScreen.xib;
			sourceTree = "<group>";
		};
/* End PBXVariantGroup section */

/* Begin XCBuildConfiguration section */
		245D57D11AC189A800214FCC /* Debug */ = {
			isa = XCBuildConfiguration;
			buildSettings = {
				ALWAYS_SEARCH_USER_PATHS = NO;
				CLANG_CXX_LANGUAGE_STANDARD = "gnu++0x";
				CLANG_CXX_LIBRARY = "libc++";
				CLANG_ENABLE_MODULES = YES;
				CLANG_ENABLE_OBJC_ARC = YES;
				CLANG_WARN_BOOL_CONVERSION = YES;
				CLANG_WARN_CONSTANT_CONVERSION = YES;
				CLANG_WARN_DIRECT_OBJC_ISA_USAGE = YES_ERROR;
				CLANG_WARN_EMPTY_BODY = YES;
				CLANG_WARN_ENUM_CONVERSION = YES;
				CLANG_WARN_INT_CONVERSION = YES;
				CLANG_WARN_OBJC_ROOT_CLASS = YES_ERROR;
				CLANG_WARN_UNREACHABLE_CODE = YES;
				CLANG_WARN__DUPLICATE_METHOD_MATCH = YES;
				"CODE_SIGN_IDENTITY[sdk=iphoneos*]" = "iPhone Developer";
				COPY_PHASE_STRIP = NO;
				ENABLE_STRICT_OBJC_MSGSEND = YES;
				GCC_C_LANGUAGE_STANDARD = gnu99;
				GCC_DYNAMIC_NO_PIC = NO;
				GCC_OPTIMIZATION_LEVEL = 0;
				GCC_PREPROCESSOR_DEFINITIONS = (
					"DEBUG=1",
					"$(inherited)",
				);
				GCC_SYMBOLS_PRIVATE_EXTERN = NO;
				GCC_WARN_64_TO_32_BIT_CONVERSION = YES;
				GCC_WARN_ABOUT_RETURN_TYPE = YES_ERROR;
				GCC_WARN_UNDECLARED_SELECTOR = YES;
				GCC_WARN_UNINITIALIZED_AUTOS = YES_AGGRESSIVE;
				GCC_WARN_UNUSED_FUNCTION = YES;
				GCC_WARN_UNUSED_VARIABLE = YES;
				IPHONEOS_DEPLOYMENT_TARGET = 8.2;
				MTL_ENABLE_DEBUG_INFO = YES;
				ONLY_ACTIVE_ARCH = YES;
				SDKROOT = iphoneos;
				TARGETED_DEVICE_FAMILY = "1,2";
			};
			name = Debug;
		};
		245D57D21AC189A800214FCC /* Release */ = {
			isa = XCBuildConfiguration;
			buildSettings = {
				ALWAYS_SEARCH_USER_PATHS = NO;
				CLANG_CXX_LANGUAGE_STANDARD = "gnu++0x";
				CLANG_CXX_LIBRARY = "libc++";
				CLANG_ENABLE_MODULES = YES;
				CLANG_ENABLE_OBJC_ARC = YES;
				CLANG_WARN_BOOL_CONVERSION = YES;
				CLANG_WARN_CONSTANT_CONVERSION = YES;
				CLANG_WARN_DIRECT_OBJC_ISA_USAGE = YES_ERROR;
				CLANG_WARN_EMPTY_BODY = YES;
				CLANG_WARN_ENUM_CONVERSION = YES;
				CLANG_WARN_INT_CONVERSION = YES;
				CLANG_WARN_OBJC_ROOT_CLASS = YES_ERROR;
				CLANG_WARN_UNREACHABLE_CODE = YES;
				CLANG_WARN__DUPLICATE_METHOD_MATCH = YES;
				"CODE_SIGN_IDENTITY[sdk=iphoneos*]" = "iPhone Developer";
				COPY_PHASE_STRIP = NO;
				ENABLE_NS_ASSERTIONS = NO;
				ENABLE_STRICT_OBJC_MSGSEND = YES;
				GCC_C_LANGUAGE_STANDARD = gnu99;
				GCC_WARN_64_TO_32_BIT_CONVERSION = YES;
				GCC_WARN_ABOUT_RETURN_TYPE = YES_ERROR;
				GCC_WARN_UNDECLARED_SELECTOR = YES;
				GCC_WARN_UNINITIALIZED_AUTOS = YES_AGGRESSIVE;
				GCC_WARN_UNUSED_FUNCTION = YES;
				GCC_WARN_UNUSED_VARIABLE = YES;
				IPHONEOS_DEPLOYMENT_TARGET = 8.2;
				MTL_ENABLE_DEBUG_INFO = NO;
				SDKROOT = iphoneos;
				TARGETED_DEVICE_FAMILY = "1,2";
				VALIDATE_PRODUCT = YES;
			};
			name = Release;
		};
		245D57D41AC189A800214FCC /* Debug */ = {
			isa = XCBuildConfiguration;
			baseConfigurationReference = 828ADD057E37FA889C878515 /* Pods.debug.xcconfig */;
			buildSettings = {
				ASSETCATALOG_COMPILER_APPICON_NAME = AppIcon;
				ASSETCATALOG_COMPILER_LAUNCHIMAGE_NAME = LaunchImage;
				GCC_PREFIX_HEADER = "Plusex/PEX-Prefix.pch";
				INFOPLIST_FILE = Plusex/Info.plist;
				LD_RUNPATH_SEARCH_PATHS = "$(inherited) @executable_path/Frameworks";
				PRODUCT_NAME = "$(TARGET_NAME)";
			};
			name = Debug;
		};
		245D57D51AC189A800214FCC /* Release */ = {
			isa = XCBuildConfiguration;
			baseConfigurationReference = 82036DB05E576E38897072D8 /* Pods.release.xcconfig */;
			buildSettings = {
				ASSETCATALOG_COMPILER_APPICON_NAME = AppIcon;
				ASSETCATALOG_COMPILER_LAUNCHIMAGE_NAME = LaunchImage;
				GCC_PREFIX_HEADER = "Plusex/PEX-Prefix.pch";
				INFOPLIST_FILE = Plusex/Info.plist;
				LD_RUNPATH_SEARCH_PATHS = "$(inherited) @executable_path/Frameworks";
				PRODUCT_NAME = "$(TARGET_NAME)";
			};
			name = Release;
		};
		245D57D71AC189A800214FCC /* Debug */ = {
			isa = XCBuildConfiguration;
			buildSettings = {
				BUNDLE_LOADER = "$(TEST_HOST)";
				FRAMEWORK_SEARCH_PATHS = (
					"$(SDKROOT)/Developer/Library/Frameworks",
					"$(inherited)",
				);
				GCC_PREPROCESSOR_DEFINITIONS = (
					"DEBUG=1",
					"$(inherited)",
				);
				INFOPLIST_FILE = PlusexTests/Info.plist;
				LD_RUNPATH_SEARCH_PATHS = "$(inherited) @executable_path/Frameworks @loader_path/Frameworks";
				PRODUCT_NAME = "$(TARGET_NAME)";
				TEST_HOST = "$(BUILT_PRODUCTS_DIR)/Plusex.app/Plusex";
			};
			name = Debug;
		};
		245D57D81AC189A800214FCC /* Release */ = {
			isa = XCBuildConfiguration;
			buildSettings = {
				BUNDLE_LOADER = "$(TEST_HOST)";
				FRAMEWORK_SEARCH_PATHS = (
					"$(SDKROOT)/Developer/Library/Frameworks",
					"$(inherited)",
				);
				INFOPLIST_FILE = PlusexTests/Info.plist;
				LD_RUNPATH_SEARCH_PATHS = "$(inherited) @executable_path/Frameworks @loader_path/Frameworks";
				PRODUCT_NAME = "$(TARGET_NAME)";
				TEST_HOST = "$(BUILT_PRODUCTS_DIR)/Plusex.app/Plusex";
			};
			name = Release;
		};
/* End XCBuildConfiguration section */

/* Begin XCConfigurationList section */
		245D57AB1AC189A800214FCC /* Build configuration list for PBXProject "Plusex" */ = {
			isa = XCConfigurationList;
			buildConfigurations = (
				245D57D11AC189A800214FCC /* Debug */,
				245D57D21AC189A800214FCC /* Release */,
			);
			defaultConfigurationIsVisible = 0;
			defaultConfigurationName = Release;
		};
		245D57D31AC189A800214FCC /* Build configuration list for PBXNativeTarget "Plusex" */ = {
			isa = XCConfigurationList;
			buildConfigurations = (
				245D57D41AC189A800214FCC /* Debug */,
				245D57D51AC189A800214FCC /* Release */,
			);
			defaultConfigurationIsVisible = 0;
			defaultConfigurationName = Release;
		};
		245D57D61AC189A800214FCC /* Build configuration list for PBXNativeTarget "PlusexTests" */ = {
			isa = XCConfigurationList;
			buildConfigurations = (
				245D57D71AC189A800214FCC /* Debug */,
				245D57D81AC189A800214FCC /* Release */,
			);
			defaultConfigurationIsVisible = 0;
			defaultConfigurationName = Release;
		};
/* End XCConfigurationList section */
	};
	rootObject = 245D57A81AC189A800214FCC /* Project object */;
}
